# Locked Python runtime dependencies for setup/run-engine.sh.
# Regenerate with:
#   python3 -m venv /tmp/insane-search-lock-venv
#   /tmp/insane-search-lock-venv/bin/python -m pip install -U pip
#   /tmp/insane-search-lock-venv/bin/python -m pip install -U "curl_cffi>=0.15.0" beautifulsoup4 pyyaml yt-dlp
#   /tmp/insane-search-lock-venv/bin/python -m pip freeze | sort
PyYAML==6.0.3
Pygments==2.20.0
beautifulsoup4==4.15.0
certifi==2026.6.17
cffi==2.0.0
curl_cffi==0.15.0
markdown-it-py==4.2.0
mdurl==0.1.2
pycparser==3.0
rich==15.0.0
soupsieve==2.8.4
typing_extensions==4.16.0
yt-dlp==2026.6.9
